// !$*UTF8*$!
{
	archiveVersion = 1;
	classes = {
	};
	objectVersion = 51;
	objects = {

/* Begin PBXBuildFile section */
		572FA6BABE4C78585962A9B6 /* Pods_OneLabUnsplash.framework in Frameworks */ = {isa = PBXBuildFile; fileRef = 0F9F2F0D38CFFC1C98DD43DC /* Pods_OneLabUnsplash.framework */; };
		BE1A880F25B0075B0033B322 /* OneLabUnsplash.xcdatamodeld in Sources */ = {isa = PBXBuildFile; fileRef = BE1A880D25B0075B0033B322 /* OneLabUnsplash.xcdatamodeld */; };
		BE2B8B5825C6AF9B00E0D1D5 /* MainViewController.swift in Sources */ = {isa = PBXBuildFile; fileRef = BE2B8B5625C6AF9A00E0D1D5 /* MainViewController.swift */; };
		BE2B8B5925C6AF9B00E0D1D5 /* MainViewModel.swift in Sources */ = {isa = PBXBuildFile; fileRef = BE2B8B5725C6AF9A00E0D1D5 /* MainViewModel.swift */; };
		BE2B8B6125C6AFB400E0D1D5 /* SceneDelegate.swift in Sources */ = {isa = PBXBuildFile; fileRef = BE2B8B5B25C6AFB400E0D1D5 /* SceneDelegate.swift */; };
		BE2B8B6225C6AFB400E0D1D5 /* LaunchScreen.storyboard in Resources */ = {isa = PBXBuildFile; fileRef = BE2B8B5D25C6AFB400E0D1D5 /* LaunchScreen.storyboard */; };
		BE2B8B6325C6AFB400E0D1D5 /* AppDelegate.swift in Sources */ = {isa = PBXBuildFile; fileRef = BE2B8B5F25C6AFB400E0D1D5 /* AppDelegate.swift */; };
		BE2B8B6425C6AFB400E0D1D5 /* Assets.xcassets in Resources */ = {isa = PBXBuildFile; fileRef = BE2B8B6025C6AFB400E0D1D5 /* Assets.xcassets */; };
		BE2B8B7525C7347A00E0D1D5 /* TopicsCollectionViewCell.swift in Sources */ = {isa = PBXBuildFile; fileRef = BE2B8B7425C7347A00E0D1D5 /* TopicsCollectionViewCell.swift */; };
		BE9D2C5125C590040089BFA0 /* NetworkRequest.swift in Sources */ = {isa = PBXBuildFile; fileRef = BE9D2C5025C590040089BFA0 /* NetworkRequest.swift */; };
		BE9D2C5425C683940089BFA0 /* ApiResource.swift in Sources */ = {isa = PBXBuildFile; fileRef = BE9D2C5325C683940089BFA0 /* ApiResource.swift */; };
		BE9D2C5A25C6A4230089BFA0 /* Topic.swift in Sources */ = {isa = PBXBuildFile; fileRef = BE9D2C5925C6A4230089BFA0 /* Topic.swift */; };
		FD047A5F25CB6F2B0072064C /* TabBarController.swift in Sources */ = {isa = PBXBuildFile; fileRef = FD047A5E25CB6F2B0072064C /* TabBarController.swift */; };
		FD047A6225CB6FFC0072064C /* SearchViewController.swift in Sources */ = {isa = PBXBuildFile; fileRef = FD047A6125CB6FFC0072064C /* SearchViewController.swift */; };
		FD047A6A25CB80F20072064C /* SearchTableViewCell.swift in Sources */ = {isa = PBXBuildFile; fileRef = FD047A6925CB80F20072064C /* SearchTableViewCell.swift */; };
		FD19A27125CF513300CCA8E3 /* FiltersViewController.swift in Sources */ = {isa = PBXBuildFile; fileRef = FD19A27025CF513300CCA8E3 /* FiltersViewController.swift */; };
		FD485A2C25D5FD9A00519DE2 /* CollectionTableViewCell.swift in Sources */ = {isa = PBXBuildFile; fileRef = FD485A2B25D5FD9A00519DE2 /* CollectionTableViewCell.swift */; };
		FD485A2F25D5FDA600519DE2 /* UserTableViewCell.swift in Sources */ = {isa = PBXBuildFile; fileRef = FD485A2E25D5FDA600519DE2 /* UserTableViewCell.swift */; };
		FD733DD125D17F6B001B2CE4 /* FiltersTableViewCell.swift in Sources */ = {isa = PBXBuildFile; fileRef = FD733DD025D17F6B001B2CE4 /* FiltersTableViewCell.swift */; };
		FD7C4AFF25D9C73600E148CA /* NetworkService.swift in Sources */ = {isa = PBXBuildFile; fileRef = FD7C4AFE25D9C73600E148CA /* NetworkService.swift */; };
		FD7C4B0225D9C75200E148CA /* NetworkDataFetcher.swift in Sources */ = {isa = PBXBuildFile; fileRef = FD7C4B0125D9C75200E148CA /* NetworkDataFetcher.swift */; };
		FD7C4B0525D9C76600E148CA /* SearchResults.swift in Sources */ = {isa = PBXBuildFile; fileRef = FD7C4B0425D9C76600E148CA /* SearchResults.swift */; };
		FD7C4B0825D9C7B200E148CA /* PhotoCell.swift in Sources */ = {isa = PBXBuildFile; fileRef = FD7C4B0725D9C7B200E148CA /* PhotoCell.swift */; };
		FD80C37925C6875A0092F525 /* UnsplashKeys.plist in Resources */ = {isa = PBXBuildFile; fileRef = FD80C37825C6875A0092F525 /* UnsplashKeys.plist */; };
		FD80C38A25C68B440092F525 /* PostService.swift in Sources */ = {isa = PBXBuildFile; fileRef = FD80C38925C68B440092F525 /* PostService.swift */; };
		FD80C38D25C68B630092F525 /* Photo.swift in Sources */ = {isa = PBXBuildFile; fileRef = FD80C38C25C68B630092F525 /* Photo.swift */; };
		FD80C39425C6939B0092F525 /* PostDataProvider.swift in Sources */ = {isa = PBXBuildFile; fileRef = FD80C39325C6939B0092F525 /* PostDataProvider.swift */; };
		FD80C39825C6943F0092F525 /* StretchyHeaderView.swift in Sources */ = {isa = PBXBuildFile; fileRef = FD80C39725C6943F0092F525 /* StretchyHeaderView.swift */; };
		FD80C39B25C6944E0092F525 /* PhotoTableViewCell.swift in Sources */ = {isa = PBXBuildFile; fileRef = FD80C39A25C6944E0092F525 /* PhotoTableViewCell.swift */; };
		FD9371CD25D3F846009D9E01 /* SearchViewModel.swift in Sources */ = {isa = PBXBuildFile; fileRef = FD9371CC25D3F846009D9E01 /* SearchViewModel.swift */; };
		FDCEB0E325D9026600B200F4 /* UserProfileViewController.swift in Sources */ = {isa = PBXBuildFile; fileRef = FDCEB0E225D9026600B200F4 /* UserProfileViewController.swift */; };
		FDCEB0E625D90F5800B200F4 /* PhotoViewController.swift in Sources */ = {isa = PBXBuildFile; fileRef = FDCEB0E525D90F5800B200F4 /* PhotoViewController.swift */; };
		FDDA961925D75B8C0086C850 /* PhotosFromCollectionViewController.swift in Sources */ = {isa = PBXBuildFile; fileRef = FDDA961825D75B8C0086C850 /* PhotosFromCollectionViewController.swift */; };
/* End PBXBuildFile section */

/* Begin PBXFileReference section */
		0F9F2F0D38CFFC1C98DD43DC /* Pods_OneLabUnsplash.framework */ = {isa = PBXFileReference; explicitFileType = wrapper.framework; includeInIndex = 0; path = Pods_OneLabUnsplash.framework; sourceTree = BUILT_PRODUCTS_DIR; };
		1167BAD59E7E96F2FB8A4E65 /* Pods-OneLabUnsplash.debug.xcconfig */ = {isa = PBXFileReference; includeInIndex = 1; lastKnownFileType = text.xcconfig; name = "Pods-OneLabUnsplash.debug.xcconfig"; path = "Target Support Files/Pods-OneLabUnsplash/Pods-OneLabUnsplash.debug.xcconfig"; sourceTree = "<group>"; };
		BD9C433F04D9C4A6D02462AE /* Pods-OneLabUnsplash.release.xcconfig */ = {isa = PBXFileReference; includeInIndex = 1; lastKnownFileType = text.xcconfig; name = "Pods-OneLabUnsplash.release.xcconfig"; path = "Target Support Files/Pods-OneLabUnsplash/Pods-OneLabUnsplash.release.xcconfig"; sourceTree = "<group>"; };
		BE1A880125B0075B0033B322 /* OneLabUnsplash.app */ = {isa = PBXFileReference; explicitFileType = wrapper.application; includeInIndex = 0; path = OneLabUnsplash.app; sourceTree = BUILT_PRODUCTS_DIR; };
		BE1A880E25B0075B0033B322 /* OneLabUnsplash.xcdatamodel */ = {isa = PBXFileReference; lastKnownFileType = wrapper.xcdatamodel; path = OneLabUnsplash.xcdatamodel; sourceTree = "<group>"; };
		BE1A881325B0075F0033B322 /* Base */ = {isa = PBXFileReference; lastKnownFileType = file.storyboard; name = Base; path = Base.lproj/LaunchScreen.storyboard; sourceTree = "<group>"; };
		BE1A881525B0075F0033B322 /* Info.plist */ = {isa = PBXFileReference; lastKnownFileType = text.plist.xml; path = Info.plist; sourceTree = "<group>"; };
		BE2B8B5625C6AF9A00E0D1D5 /* MainViewController.swift */ = {isa = PBXFileReference; fileEncoding = 4; lastKnownFileType = sourcecode.swift; path = MainViewController.swift; sourceTree = "<group>"; };
		BE2B8B5725C6AF9A00E0D1D5 /* MainViewModel.swift */ = {isa = PBXFileReference; fileEncoding = 4; lastKnownFileType = sourcecode.swift; path = MainViewModel.swift; sourceTree = "<group>"; };
		BE2B8B5B25C6AFB400E0D1D5 /* SceneDelegate.swift */ = {isa = PBXFileReference; fileEncoding = 4; lastKnownFileType = sourcecode.swift; name = SceneDelegate.swift; path = OneLabUnsplash/Others/SceneDelegate.swift; sourceTree = SOURCE_ROOT; };
		BE2B8B5E25C6AFB400E0D1D5 /* Base */ = {isa = PBXFileReference; lastKnownFileType = file.storyboard; name = Base; path = LaunchScreen.storyboard; sourceTree = "<group>"; };
		BE2B8B5F25C6AFB400E0D1D5 /* AppDelegate.swift */ = {isa = PBXFileReference; fileEncoding = 4; lastKnownFileType = sourcecode.swift; name = AppDelegate.swift; path = OneLabUnsplash/Others/AppDelegate.swift; sourceTree = SOURCE_ROOT; };
		BE2B8B6025C6AFB400E0D1D5 /* Assets.xcassets */ = {isa = PBXFileReference; lastKnownFileType = folder.assetcatalog; name = Assets.xcassets; path = OneLabUnsplash/Others/Assets.xcassets; sourceTree = SOURCE_ROOT; };
		BE2B8B7425C7347A00E0D1D5 /* TopicsCollectionViewCell.swift */ = {isa = PBXFileReference; lastKnownFileType = sourcecode.swift; path = TopicsCollectionViewCell.swift; sourceTree = "<group>"; };
		BE9D2C5025C590040089BFA0 /* NetworkRequest.swift */ = {isa = PBXFileReference; lastKnownFileType = sourcecode.swift; path = NetworkRequest.swift; sourceTree = "<group>"; };
		BE9D2C5325C683940089BFA0 /* ApiResource.swift */ = {isa = PBXFileReference; lastKnownFileType = sourcecode.swift; path = ApiResource.swift; sourceTree = "<group>"; };
		BE9D2C5925C6A4230089BFA0 /* Topic.swift */ = {isa = PBXFileReference; lastKnownFileType = sourcecode.swift; path = Topic.swift; sourceTree = "<group>"; };
		FD047A5E25CB6F2B0072064C /* TabBarController.swift */ = {isa = PBXFileReference; lastKnownFileType = sourcecode.swift; path = TabBarController.swift; sourceTree = "<group>"; };
		FD047A6125CB6FFC0072064C /* SearchViewController.swift */ = {isa = PBXFileReference; lastKnownFileType = sourcecode.swift; path = SearchViewController.swift; sourceTree = "<group>"; };
		FD047A6925CB80F20072064C /* SearchTableViewCell.swift */ = {isa = PBXFileReference; lastKnownFileType = sourcecode.swift; path = SearchTableViewCell.swift; sourceTree = "<group>"; };
		FD19A27025CF513300CCA8E3 /* FiltersViewController.swift */ = {isa = PBXFileReference; lastKnownFileType = sourcecode.swift; path = FiltersViewController.swift; sourceTree = "<group>"; };
		FD485A2B25D5FD9A00519DE2 /* CollectionTableViewCell.swift */ = {isa = PBXFileReference; lastKnownFileType = sourcecode.swift; path = CollectionTableViewCell.swift; sourceTree = "<group>"; };
		FD485A2E25D5FDA600519DE2 /* UserTableViewCell.swift */ = {isa = PBXFileReference; lastKnownFileType = sourcecode.swift; path = UserTableViewCell.swift; sourceTree = "<group>"; };
		FD733DD025D17F6B001B2CE4 /* FiltersTableViewCell.swift */ = {isa = PBXFileReference; lastKnownFileType = sourcecode.swift; path = FiltersTableViewCell.swift; sourceTree = "<group>"; };
		FD7C4AFE25D9C73600E148CA /* NetworkService.swift */ = {isa = PBXFileReference; lastKnownFileType = sourcecode.swift; path = NetworkService.swift; sourceTree = "<group>"; };
		FD7C4B0125D9C75200E148CA /* NetworkDataFetcher.swift */ = {isa = PBXFileReference; lastKnownFileType = sourcecode.swift; path = NetworkDataFetcher.swift; sourceTree = "<group>"; };
		FD7C4B0425D9C76600E148CA /* SearchResults.swift */ = {isa = PBXFileReference; lastKnownFileType = sourcecode.swift; path = SearchResults.swift; sourceTree = "<group>"; };
		FD7C4B0725D9C7B200E148CA /* PhotoCell.swift */ = {isa = PBXFileReference; lastKnownFileType = sourcecode.swift; path = PhotoCell.swift; sourceTree = "<group>"; };
		FD80C37825C6875A0092F525 /* UnsplashKeys.plist */ = {isa = PBXFileReference; fileEncoding = 4; lastKnownFileType = text.plist.xml; path = UnsplashKeys.plist; sourceTree = "<group>"; };
		FD80C38925C68B440092F525 /* PostService.swift */ = {isa = PBXFileReference; lastKnownFileType = sourcecode.swift; path = PostService.swift; sourceTree = "<group>"; };
		FD80C38C25C68B630092F525 /* Photo.swift */ = {isa = PBXFileReference; lastKnownFileType = sourcecode.swift; path = Photo.swift; sourceTree = "<group>"; };
		FD80C39325C6939B0092F525 /* PostDataProvider.swift */ = {isa = PBXFileReference; lastKnownFileType = sourcecode.swift; path = PostDataProvider.swift; sourceTree = "<group>"; };
		FD80C39725C6943F0092F525 /* StretchyHeaderView.swift */ = {isa = PBXFileReference; lastKnownFileType = sourcecode.swift; path = StretchyHeaderView.swift; sourceTree = "<group>"; };
		FD80C39A25C6944E0092F525 /* PhotoTableViewCell.swift */ = {isa = PBXFileReference; lastKnownFileType = sourcecode.swift; path = PhotoTableViewCell.swift; sourceTree = "<group>"; };
		FD9371CC25D3F846009D9E01 /* SearchViewModel.swift */ = {isa = PBXFileReference; lastKnownFileType = sourcecode.swift; path = SearchViewModel.swift; sourceTree = "<group>"; };
		FDCEB0E225D9026600B200F4 /* UserProfileViewController.swift */ = {isa = PBXFileReference; lastKnownFileType = sourcecode.swift; path = UserProfileViewController.swift; sourceTree = "<group>"; };
		FDCEB0E525D90F5800B200F4 /* PhotoViewController.swift */ = {isa = PBXFileReference; lastKnownFileType = sourcecode.swift; path = PhotoViewController.swift; sourceTree = "<group>"; };
		FDDA961825D75B8C0086C850 /* PhotosFromCollectionViewController.swift */ = {isa = PBXFileReference; lastKnownFileType = sourcecode.swift; path = PhotosFromCollectionViewController.swift; sourceTree = "<group>"; };
/* End PBXFileReference section */

/* Begin PBXFrameworksBuildPhase section */
		BE1A87FE25B0075B0033B322 /* Frameworks */ = {
			isa = PBXFrameworksBuildPhase;
			buildActionMask = 2147483647;
			files = (
				572FA6BABE4C78585962A9B6 /* Pods_OneLabUnsplash.framework in Frameworks */,
			);
			runOnlyForDeploymentPostprocessing = 0;
		};
/* End PBXFrameworksBuildPhase section */

/* Begin PBXGroup section */
		B05CBB35704603CF30DAF5F2 /* Frameworks */ = {
			isa = PBXGroup;
			children = (
				0F9F2F0D38CFFC1C98DD43DC /* Pods_OneLabUnsplash.framework */,
			);
			name = Frameworks;
			sourceTree = "<group>";
		};
		BE1A87F825B0075B0033B322 = {
			isa = PBXGroup;
			children = (
				BE1A880325B0075B0033B322 /* OneLabUnsplash */,
				BE1A880225B0075B0033B322 /* Products */,
				D43E82FE9516649B0E5B457B /* Pods */,
				B05CBB35704603CF30DAF5F2 /* Frameworks */,
			);
			sourceTree = "<group>";
		};
		BE1A880225B0075B0033B322 /* Products */ = {
			isa = PBXGroup;
			children = (
				BE1A880125B0075B0033B322 /* OneLabUnsplash.app */,
			);
			name = Products;
			sourceTree = "<group>";
		};
		BE1A880325B0075B0033B322 /* OneLabUnsplash */ = {
			isa = PBXGroup;
			children = (
				FD80C38425C689FA0092F525 /* Presentation Layer */,
				FD80C38225C689D40092F525 /* Service Layer */,
				FD80C38325C689DD0092F525 /* Others */,
				BE9D2C5925C6A4230089BFA0 /* Topic.swift */,
				BE1A881225B0075F0033B322 /* LaunchScreen.storyboard */,
				BE1A881525B0075F0033B322 /* Info.plist */,
				BE1A880D25B0075B0033B322 /* OneLabUnsplash.xcdatamodeld */,
				FD80C37825C6875A0092F525 /* UnsplashKeys.plist */,
			);
			path = OneLabUnsplash;
			sourceTree = "<group>";
		};
		BE2B8B5C25C6AFB400E0D1D5 /* Base.lproj */ = {
			isa = PBXGroup;
			children = (
				BE2B8B5D25C6AFB400E0D1D5 /* LaunchScreen.storyboard */,
			);
			name = Base.lproj;
			path = OneLabUnsplash/Others/Base.lproj;
			sourceTree = SOURCE_ROOT;
		};
		D43E82FE9516649B0E5B457B /* Pods */ = {
			isa = PBXGroup;
			children = (
				1167BAD59E7E96F2FB8A4E65 /* Pods-OneLabUnsplash.debug.xcconfig */,
				BD9C433F04D9C4A6D02462AE /* Pods-OneLabUnsplash.release.xcconfig */,
			);
			path = Pods;
			sourceTree = "<group>";
		};
		FD80C38225C689D40092F525 /* Service Layer */ = {
			isa = PBXGroup;
			children = (
				BE9D2C5025C590040089BFA0 /* NetworkRequest.swift */,
				BE9D2C5325C683940089BFA0 /* ApiResource.swift */,
				FD80C38925C68B440092F525 /* PostService.swift */,
				FD80C39325C6939B0092F525 /* PostDataProvider.swift */,
				FD7C4AFE25D9C73600E148CA /* NetworkService.swift */,
				FD7C4B0125D9C75200E148CA /* NetworkDataFetcher.swift */,
			);
			path = "Service Layer";
			sourceTree = "<group>";
		};
		FD80C38325C689DD0092F525 /* Others */ = {
			isa = PBXGroup;
			children = (
				BE2B8B5F25C6AFB400E0D1D5 /* AppDelegate.swift */,
				BE2B8B6025C6AFB400E0D1D5 /* Assets.xcassets */,
				BE2B8B5C25C6AFB400E0D1D5 /* Base.lproj */,
				BE2B8B5B25C6AFB400E0D1D5 /* SceneDelegate.swift */,
			);
			path = Others;
			sourceTree = "<group>";
		};
		FD80C38425C689FA0092F525 /* Presentation Layer */ = {
			isa = PBXGroup;
			children = (
				FD047A5E25CB6F2B0072064C /* TabBarController.swift */,
				BE2B8B5625C6AF9A00E0D1D5 /* MainViewController.swift */,
				BE2B8B5725C6AF9A00E0D1D5 /* MainViewModel.swift */,
				FD80C38C25C68B630092F525 /* Photo.swift */,
				FD80C39725C6943F0092F525 /* StretchyHeaderView.swift */,
				FD80C39A25C6944E0092F525 /* PhotoTableViewCell.swift */,
				BE2B8B7425C7347A00E0D1D5 /* TopicsCollectionViewCell.swift */,
				FD9371D025D3F9AD009D9E01 /* Search */,
			);
			path = "Presentation Layer";
			sourceTree = "<group>";
		};
		FD9371D025D3F9AD009D9E01 /* Search */ = {
			isa = PBXGroup;
			children = (
				FD9371CC25D3F846009D9E01 /* SearchViewModel.swift */,
				FD047A6125CB6FFC0072064C /* SearchViewController.swift */,
				FD047A6925CB80F20072064C /* SearchTableViewCell.swift */,
				FD19A27025CF513300CCA8E3 /* FiltersViewController.swift */,
				FD733DD025D17F6B001B2CE4 /* FiltersTableViewCell.swift */,
				FD485A2B25D5FD9A00519DE2 /* CollectionTableViewCell.swift */,
				FD485A2E25D5FDA600519DE2 /* UserTableViewCell.swift */,
				FDDA961825D75B8C0086C850 /* PhotosFromCollectionViewController.swift */,
				FDCEB0E225D9026600B200F4 /* UserProfileViewController.swift */,
				FDCEB0E525D90F5800B200F4 /* PhotoViewController.swift */,
				FD7C4B0425D9C76600E148CA /* SearchResults.swift */,
				FD7C4B0725D9C7B200E148CA /* PhotoCell.swift */,
			);
			path = Search;
			sourceTree = "<group>";
		};
/* End PBXGroup section */

/* Begin PBXNativeTarget section */
		BE1A880025B0075B0033B322 /* OneLabUnsplash */ = {
			isa = PBXNativeTarget;
			buildConfigurationList = BE1A881825B007600033B322 /* Build configuration list for PBXNativeTarget "OneLabUnsplash" */;
			buildPhases = (
				2A831254638CAE2A7DA3DE86 /* [CP] Check Pods Manifest.lock */,
				BE1A87FD25B0075B0033B322 /* Sources */,
				BE1A87FE25B0075B0033B322 /* Frameworks */,
				BE1A87FF25B0075B0033B322 /* Resources */,
				2CD6632583A31CE7B7A82533 /* [CP] Embed Pods Frameworks */,
			);
			buildRules = (
			);
			dependencies = (
			);
			name = OneLabUnsplash;
			productName = OneLabUnsplash;
			productReference = BE1A880125B0075B0033B322 /* OneLabUnsplash.app */;
			productType = "com.apple.product-type.application";
		};
/* End PBXNativeTarget section */

/* Begin PBXProject section */
		BE1A87F925B0075B0033B322 /* Project object */ = {
			isa = PBXProject;
			attributes = {
				LastSwiftUpdateCheck = 1210;
				LastUpgradeCheck = 1210;
				TargetAttributes = {
					BE1A880025B0075B0033B322 = {
						CreatedOnToolsVersion = 12.1;
					};
				};
			};
			buildConfigurationList = BE1A87FC25B0075B0033B322 /* Build configuration list for PBXProject "OneLabUnsplash" */;
			compatibilityVersion = "Xcode 9.3";
			developmentRegion = en;
			hasScannedForEncodings = 0;
			knownRegions = (
				en,
				Base,
			);
			mainGroup = BE1A87F825B0075B0033B322;
			productRefGroup = BE1A880225B0075B0033B322 /* Products */;
			projectDirPath = "";
			projectRoot = "";
			targets = (
				BE1A880025B0075B0033B322 /* OneLabUnsplash */,
			);
		};
/* End PBXProject section */

/* Begin PBXResourcesBuildPhase section */
		BE1A87FF25B0075B0033B322 /* Resources */ = {
			isa = PBXResourcesBuildPhase;
			buildActionMask = 2147483647;
			files = (
				BE2B8B6225C6AFB400E0D1D5 /* LaunchScreen.storyboard in Resources */,
				BE2B8B6425C6AFB400E0D1D5 /* Assets.xcassets in Resources */,
				FD80C37925C6875A0092F525 /* UnsplashKeys.plist in Resources */,
			);
			runOnlyForDeploymentPostprocessing = 0;
		};
/* End PBXResourcesBuildPhase section */

/* Begin PBXShellScriptBuildPhase section */
		2A831254638CAE2A7DA3DE86 /* [CP] Check Pods Manifest.lock */ = {
			isa = PBXShellScriptBuildPhase;
			buildActionMask = 2147483647;
			files = (
			);
			inputFileListPaths = (
			);
			inputPaths = (
				"${PODS_PODFILE_DIR_PATH}/Podfile.lock",
				"${PODS_ROOT}/Manifest.lock",
			);
			name = "[CP] Check Pods Manifest.lock";
			outputFileListPaths = (
			);
			outputPaths = (
				"$(DERIVED_FILE_DIR)/Pods-OneLabUnsplash-checkManifestLockResult.txt",
			);
			runOnlyForDeploymentPostprocessing = 0;
			shellPath = /bin/sh;
			shellScript = "diff \"${PODS_PODFILE_DIR_PATH}/Podfile.lock\" \"${PODS_ROOT}/Manifest.lock\" > /dev/null\nif [ $? != 0 ] ; then\n    # print error to STDERR\n    echo \"error: The sandbox is not in sync with the Podfile.lock. Run 'pod install' or update your CocoaPods installation.\" >&2\n    exit 1\nfi\n# This output is used by Xcode 'outputs' to avoid re-running this script phase.\necho \"SUCCESS\" > \"${SCRIPT_OUTPUT_FILE_0}\"\n";
			showEnvVarsInLog = 0;
		};
		2CD6632583A31CE7B7A82533 /* [CP] Embed Pods Frameworks */ = {
			isa = PBXShellScriptBuildPhase;
			buildActionMask = 2147483647;
			files = (
			);
			inputFileListPaths = (
				"${PODS_ROOT}/Target Support Files/Pods-OneLabUnsplash/Pods-OneLabUnsplash-frameworks-${CONFIGURATION}-input-files.xcfilelist",
			);
			name = "[CP] Embed Pods Frameworks";
			outputFileListPaths = (
				"${PODS_ROOT}/Target Support Files/Pods-OneLabUnsplash/Pods-OneLabUnsplash-frameworks-${CONFIGURATION}-output-files.xcfilelist",
			);
			runOnlyForDeploymentPostprocessing = 0;
			shellPath = /bin/sh;
			shellScript = "\"${PODS_ROOT}/Target Support Files/Pods-OneLabUnsplash/Pods-OneLabUnsplash-frameworks.sh\"\n";
			showEnvVarsInLog = 0;
		};
/* End PBXShellScriptBuildPhase section */

/* Begin PBXSourcesBuildPhase section */
		BE1A87FD25B0075B0033B322 /* Sources */ = {
			isa = PBXSourcesBuildPhase;
			buildActionMask = 2147483647;
			files = (
				FDDA961925D75B8C0086C850 /* PhotosFromCollectionViewController.swift in Sources */,
				FDCEB0E325D9026600B200F4 /* UserProfileViewController.swift in Sources */,
				BE2B8B7525C7347A00E0D1D5 /* TopicsCollectionViewCell.swift in Sources */,
				FD80C39B25C6944E0092F525 /* PhotoTableViewCell.swift in Sources */,
				FD485A2F25D5FDA600519DE2 /* UserTableViewCell.swift in Sources */,
				FD047A5F25CB6F2B0072064C /* TabBarController.swift in Sources */,
				BE2B8B6125C6AFB400E0D1D5 /* SceneDelegate.swift in Sources */,
				BE9D2C5425C683940089BFA0 /* ApiResource.swift in Sources */,
				BE2B8B6325C6AFB400E0D1D5 /* AppDelegate.swift in Sources */,
				FD9371CD25D3F846009D9E01 /* SearchViewModel.swift in Sources */,
				BE9D2C5A25C6A4230089BFA0 /* Topic.swift in Sources */,
				BE2B8B5825C6AF9B00E0D1D5 /* MainViewController.swift in Sources */,
				FD80C38A25C68B440092F525 /* PostService.swift in Sources */,
				FD485A2C25D5FD9A00519DE2 /* CollectionTableViewCell.swift in Sources */,
				BE2B8B5925C6AF9B00E0D1D5 /* MainViewModel.swift in Sources */,
				FD7C4B0225D9C75200E148CA /* NetworkDataFetcher.swift in Sources */,
				FD047A6225CB6FFC0072064C /* SearchViewController.swift in Sources */,
				FD80C39425C6939B0092F525 /* PostDataProvider.swift in Sources */,
				FD7C4B0525D9C76600E148CA /* SearchResults.swift in Sources */,
				BE1A880F25B0075B0033B322 /* OneLabUnsplash.xcdatamodeld in Sources */,
				FD80C38D25C68B630092F525 /* Photo.swift in Sources */,
				BE9D2C5125C590040089BFA0 /* NetworkRequest.swift in Sources */,
				FD047A6A25CB80F20072064C /* SearchTableViewCell.swift in Sources */,
				FD19A27125CF513300CCA8E3 /* FiltersViewController.swift in Sources */,
				FD80C39825C6943F0092F525 /* StretchyHeaderView.swift in Sources */,
				FD733DD125D17F6B001B2CE4 /* FiltersTableViewCell.swift in Sources */,
				FD7C4AFF25D9C73600E148CA /* NetworkService.swift in Sources */,
				FD7C4B0825D9C7B200E148CA /* PhotoCell.swift in Sources */,
				FDCEB0E625D90F5800B200F4 /* PhotoViewController.swift in Sources */,
			);
			runOnlyForDeploymentPostprocessing = 0;
		};
/* End PBXSourcesBuildPhase section */

/* Begin PBXVariantGroup section */
		BE1A881225B0075F0033B322 /* LaunchScreen.storyboard */ = {
			isa = PBXVariantGroup;
			children = (
				BE1A881325B0075F0033B322 /* Base */,
			);
			name = LaunchScreen.storyboard;
			sourceTree = "<group>";
		};
		BE2B8B5D25C6AFB400E0D1D5 /* LaunchScreen.storyboard */ = {
			isa = PBXVariantGroup;
			children = (
				BE2B8B5E25C6AFB400E0D1D5 /* Base */,
			);
			name = LaunchScreen.storyboard;
			sourceTree = "<group>";
		};
/* End PBXVariantGroup section */

/* Begin XCBuildConfiguration section */
		BE1A881625B0075F0033B322 /* Debug */ = {
			isa = XCBuildConfiguration;
			buildSettings = {
				ALWAYS_SEARCH_USER_PATHS = NO;
				CLANG_ANALYZER_NONNULL = YES;
				CLANG_ANALYZER_NUMBER_OBJECT_CONVERSION = YES_AGGRESSIVE;
				CLANG_CXX_LANGUAGE_STANDARD = "gnu++14";
				CLANG_CXX_LIBRARY = "libc++";
				CLANG_ENABLE_MODULES = YES;
				CLANG_ENABLE_OBJC_ARC = YES;
				CLANG_ENABLE_OBJC_WEAK = YES;
				CLANG_WARN_BLOCK_CAPTURE_AUTORELEASING = YES;
				CLANG_WARN_BOOL_CONVERSION = YES;
				CLANG_WARN_COMMA = YES;
				CLANG_WARN_CONSTANT_CONVERSION = YES;
				CLANG_WARN_DEPRECATED_OBJC_IMPLEMENTATIONS = YES;
				CLANG_WARN_DIRECT_OBJC_ISA_USAGE = YES_ERROR;
				CLANG_WARN_DOCUMENTATION_COMMENTS = YES;
				CLANG_WARN_EMPTY_BODY = YES;
				CLANG_WARN_ENUM_CONVERSION = YES;
				CLANG_WARN_INFINITE_RECURSION = YES;
				CLANG_WARN_INT_CONVERSION = YES;
				CLANG_WARN_NON_LITERAL_NULL_CONVERSION = YES;
				CLANG_WARN_OBJC_IMPLICIT_RETAIN_SELF = YES;
				CLANG_WARN_OBJC_LITERAL_CONVERSION = YES;
				CLANG_WARN_OBJC_ROOT_CLASS = YES_ERROR;
				CLANG_WARN_QUOTED_INCLUDE_IN_FRAMEWORK_HEADER = YES;
				CLANG_WARN_RANGE_LOOP_ANALYSIS = YES;
				CLANG_WARN_STRICT_PROTOTYPES = YES;
				CLANG_WARN_SUSPICIOUS_MOVE = YES;
				CLANG_WARN_UNGUARDED_AVAILABILITY = YES_AGGRESSIVE;
				CLANG_WARN_UNREACHABLE_CODE = YES;
				CLANG_WARN__DUPLICATE_METHOD_MATCH = YES;
				COPY_PHASE_STRIP = NO;
				DEBUG_INFORMATION_FORMAT = dwarf;
				ENABLE_STRICT_OBJC_MSGSEND = YES;
				ENABLE_TESTABILITY = YES;
				GCC_C_LANGUAGE_STANDARD = gnu11;
				GCC_DYNAMIC_NO_PIC = NO;
				GCC_NO_COMMON_BLOCKS = YES;
				GCC_OPTIMIZATION_LEVEL = 0;
				GCC_PREPROCESSOR_DEFINITIONS = (
					"DEBUG=1",
					"$(inherited)",
				);
				GCC_WARN_64_TO_32_BIT_CONVERSION = YES;
				GCC_WARN_ABOUT_RETURN_TYPE = YES_ERROR;
				GCC_WARN_UNDECLARED_SELECTOR = YES;
				GCC_WARN_UNINITIALIZED_AUTOS = YES_AGGRESSIVE;
				GCC_WARN_UNUSED_FUNCTION = YES;
				GCC_WARN_UNUSED_VARIABLE = YES;
				IPHONEOS_DEPLOYMENT_TARGET = 14.1;
				MTL_ENABLE_DEBUG_INFO = INCLUDE_SOURCE;
				MTL_FAST_MATH = YES;
				ONLY_ACTIVE_ARCH = YES;
				SDKROOT = iphoneos;
				SWIFT_ACTIVE_COMPILATION_CONDITIONS = DEBUG;
				SWIFT_OPTIMIZATION_LEVEL = "-Onone";
			};
			name = Debug;
		};
		BE1A881725B007600033B322 /* Release */ = {
			isa = XCBuildConfiguration;
			buildSettings = {
				ALWAYS_SEARCH_USER_PATHS = NO;
				CLANG_ANALYZER_NONNULL = YES;
				CLANG_ANALYZER_NUMBER_OBJECT_CONVERSION = YES_AGGRESSIVE;
				CLANG_CXX_LANGUAGE_STANDARD = "gnu++14";
				CLANG_CXX_LIBRARY = "libc++";
				CLANG_ENABLE_MODULES = YES;
				CLANG_ENABLE_OBJC_ARC = YES;
				CLANG_ENABLE_OBJC_WEAK = YES;
				CLANG_WARN_BLOCK_CAPTURE_AUTORELEASING = YES;
				CLANG_WARN_BOOL_CONVERSION = YES;
				CLANG_WARN_COMMA = YES;
				CLANG_WARN_CONSTANT_CONVERSION = YES;
				CLANG_WARN_DEPRECATED_OBJC_IMPLEMENTATIONS = YES;
				CLANG_WARN_DIRECT_OBJC_ISA_USAGE = YES_ERROR;
				CLANG_WARN_DOCUMENTATION_COMMENTS = YES;
				CLANG_WARN_EMPTY_BODY = YES;
				CLANG_WARN_ENUM_CONVERSION = YES;
				CLANG_WARN_INFINITE_RECURSION = YES;
				CLANG_WARN_INT_CONVERSION = YES;
				CLANG_WARN_NON_LITERAL_NULL_CONVERSION = YES;
				CLANG_WARN_OBJC_IMPLICIT_RETAIN_SELF = YES;
				CLANG_WARN_OBJC_LITERAL_CONVERSION = YES;
				CLANG_WARN_OBJC_ROOT_CLASS = YES_ERROR;
				CLANG_WARN_QUOTED_INCLUDE_IN_FRAMEWORK_HEADER = YES;
				CLANG_WARN_RANGE_LOOP_ANALYSIS = YES;
				CLANG_WARN_STRICT_PROTOTYPES = YES;
				CLANG_WARN_SUSPICIOUS_MOVE = YES;
				CLANG_WARN_UNGUARDED_AVAILABILITY = YES_AGGRESSIVE;
				CLANG_WARN_UNREACHABLE_CODE = YES;
				CLANG_WARN__DUPLICATE_METHOD_MATCH = YES;
				COPY_PHASE_STRIP = NO;
				DEBUG_INFORMATION_FORMAT = "dwarf-with-dsym";
				ENABLE_NS_ASSERTIONS = NO;
				ENABLE_STRICT_OBJC_MSGSEND = YES;
				GCC_C_LANGUAGE_STANDARD = gnu11;
				GCC_NO_COMMON_BLOCKS = YES;
				GCC_WARN_64_TO_32_BIT_CONVERSION = YES;
				GCC_WARN_ABOUT_RETURN_TYPE = YES_ERROR;
				GCC_WARN_UNDECLARED_SELECTOR = YES;
				GCC_WARN_UNINITIALIZED_AUTOS = YES_AGGRESSIVE;
				GCC_WARN_UNUSED_FUNCTION = YES;
				GCC_WARN_UNUSED_VARIABLE = YES;
				IPHONEOS_DEPLOYMENT_TARGET = 14.1;
				MTL_ENABLE_DEBUG_INFO = NO;
				MTL_FAST_MATH = YES;
				SDKROOT = iphoneos;
				SWIFT_COMPILATION_MODE = wholemodule;
				SWIFT_OPTIMIZATION_LEVEL = "-O";
				VALIDATE_PRODUCT = YES;
			};
			name = Release;
		};
		BE1A881925B007600033B322 /* Debug */ = {
			isa = XCBuildConfiguration;
			baseConfigurationReference = 1167BAD59E7E96F2FB8A4E65 /* Pods-OneLabUnsplash.debug.xcconfig */;
			buildSettings = {
				ASSETCATALOG_COMPILER_APPICON_NAME = AppIcon;
				ASSETCATALOG_COMPILER_GLOBAL_ACCENT_COLOR_NAME = AccentColor;
				CODE_SIGN_STYLE = Automatic;
				DEVELOPMENT_TEAM = M6Q55NKN7U;
				INFOPLIST_FILE = OneLabUnsplash/Info.plist;
				LD_RUNPATH_SEARCH_PATHS = (
					"$(inherited)",
					"@executable_path/Frameworks",
				);
				PRODUCT_BUNDLE_IDENTIFIER = abutalipov.alikhan.OneLabUnsplash;
				PRODUCT_NAME = "$(TARGET_NAME)";
				SWIFT_VERSION = 5.0;
				TARGETED_DEVICE_FAMILY = "1,2";
			};
			name = Debug;
		};
		BE1A881A25B007600033B322 /* Release */ = {
			isa = XCBuildConfiguration;
			baseConfigurationReference = BD9C433F04D9C4A6D02462AE /* Pods-OneLabUnsplash.release.xcconfig */;
			buildSettings = {
				ASSETCATALOG_COMPILER_APPICON_NAME = AppIcon;
				ASSETCATALOG_COMPILER_GLOBAL_ACCENT_COLOR_NAME = AccentColor;
				CODE_SIGN_STYLE = Automatic;
				DEVELOPMENT_TEAM = M6Q55NKN7U;
				INFOPLIST_FILE = OneLabUnsplash/Info.plist;
				LD_RUNPATH_SEARCH_PATHS = (
					"$(inherited)",
					"@executable_path/Frameworks",
				);
				PRODUCT_BUNDLE_IDENTIFIER = abutalipov.alikhan.OneLabUnsplash;
				PRODUCT_NAME = "$(TARGET_NAME)";
				SWIFT_VERSION = 5.0;
				TARGETED_DEVICE_FAMILY = "1,2";
			};
			name = Release;
		};
/* End XCBuildConfiguration section */

/* Begin XCConfigurationList section */
		BE1A87FC25B0075B0033B322 /* Build configuration list for PBXProject "OneLabUnsplash" */ = {
			isa = XCConfigurationList;
			buildConfigurations = (
				BE1A881625B0075F0033B322 /* Debug */,
				BE1A881725B007600033B322 /* Release */,
			);
			defaultConfigurationIsVisible = 0;
			defaultConfigurationName = Release;
		};
		BE1A881825B007600033B322 /* Build configuration list for PBXNativeTarget "OneLabUnsplash" */ = {
			isa = XCConfigurationList;
			buildConfigurations = (
				BE1A881925B007600033B322 /* Debug */,
				BE1A881A25B007600033B322 /* Release */,
			);
			defaultConfigurationIsVisible = 0;
			defaultConfigurationName = Release;
		};
/* End XCConfigurationList section */

/* Begin XCVersionGroup section */
		BE1A880D25B0075B0033B322 /* OneLabUnsplash.xcdatamodeld */ = {
			isa = XCVersionGroup;
			children = (
				BE1A880E25B0075B0033B322 /* OneLabUnsplash.xcdatamodel */,
			);
			currentVersion = BE1A880E25B0075B0033B322 /* OneLabUnsplash.xcdatamodel */;
			path = OneLabUnsplash.xcdatamodeld;
			sourceTree = "<group>";
			versionGroupType = wrapper.xcdatamodel;
		};
/* End XCVersionGroup section */
	};
	rootObject = BE1A87F925B0075B0033B322 /* Project object */;
}
